{
  "nodes": {
    "nixpkgs": {
      "locked": {
        "lastModified": 1770812194,
        "narHash": "sha256-1XCkFh4oZKHhObDlQaqCim+PXMnEafjhWW4gUXR4xvM=",
        "rev": "8482c7ded03bae7550f3d69884f1e611e3bd19e8",
        "type": "tarball",
        "url": "https://releases.nixos.org/nixpkgs/nixpkgs-26.05pre944509.8482c7ded03b/nixexprs.tar.xz"
      },
      "original": {
        "type": "tarball",
        "url": "https://channels.nixos.org/nixpkgs-unstable/nixexprs.tar.xz"
      }
    },
    "root": {
      "inputs": {
        "nixpkgs": "nixpkgs"
      }
    }
  },
  "root": "root",
  "version": 7
}
